{
  "nodes": {
    "nixpkgs": {
      "locked": {
        "lastModified": 1786534138,
        "narHash": "sha256-fBJMdnKUTUDtfi/BYLr71HLaC9dG382arxLF2Egg2uo=",
        "owner": "NixOS",
        "repo": "nixpkgs",
        "rev": "044bfe75bfe4c7bbe043dc17b5e42ea823b84a09",
        "type": "github"
      },
      "original": {
        "owner": "NixOS",
        "ref": "nixpkgs-unstable",
        "repo": "nixpkgs",
        "type": "github"
      }
    },
    "opencodePolicy": {
      "inputs": {
        "nixpkgs": [
          "nixpkgs"
        ]
      },
      "locked": {
        "lastModified": 1786698952,
        "narHash": "sha256-71KWm4YQV2PysPH9Np3IuMr2Fh1n0w7TuH5JfexQ6pE=",
        "owner": "upiscium",
        "repo": "OpenCodePolicy",
        "rev": "e4ff446514c303fe275ba9eb3a4ab498caea7ac0",
        "type": "github"
      },
      "original": {
        "owner": "upiscium",
        "repo": "OpenCodePolicy",
        "type": "github"
      }
    },
    "root": {
      "inputs": {
        "nixpkgs": "nixpkgs",
        "opencodePolicy": "opencodePolicy"
      }
    }
  },
  "root": "root",
  "version": 7
}
