{
  "nodes": {
    "nixpkgs": {
      "locked": {
        "lastModified": 1786534138,
        "narHash": "sha256-fBJMdnKUTUDtfi/BYLr71HLaC9dG382arxLF2Egg2uo=",
        "owner": "NixOS",
        "repo": "nixpkgs",
        "rev": "044bfe75bfe4c7bbe043dc17b5e42ea823b84a09",
        "type": "github"
      },
      "original": {
        "owner": "NixOS",
        "ref": "nixpkgs-unstable",
        "repo": "nixpkgs",
        "type": "github"
      }
    },
    "opencodePolicy": {
      "inputs": {
        "nixpkgs": [
          "nixpkgs"
        ]
      },
      "locked": {
        "lastModified": 1788012886,
        "narHash": "sha256-xYmcUhcUPfb3224lUYDXfSJWxcV5r2rwcCjY3rGE/bA=",
        "owner": "upiscium",
        "repo": "OpenCodePolicy",
        "rev": "e8236812f2ad384afa89b0ec9510a6990ea1bd9a",
        "type": "github"
      },
      "original": {
        "owner": "upiscium",
        "repo": "OpenCodePolicy",
        "type": "github"
      }
    },
    "root": {
      "inputs": {
        "nixpkgs": "nixpkgs",
        "opencodePolicy": "opencodePolicy"
      }
    }
  },
  "root": "root",
  "version": 7
}
